
Microsoft Visual Studio Solution File, Format Version 12.00
# Visual Studio 15
VisualStudioVersion = 15.0.26711.1
MinimumVisualStudioVersion = 10.0.40219.1
Project("{9A19103F-16F7-4668-BE54-9A1E7A4F7556}") = "MyFirstCoreAPI", "MyFirstCoreAPI\MyFirstCoreAPI.csproj", "{60565680-DADA-44BC-AA2C-E50916968DC4}"
EndProject
Project("{2150E333-8FDC-42A3-9474-1A3956D46DE8}") = "Chapter03", "Chapter03", "{0AD13327-CCFA-4FE4-AE97-8B328553A4DE}"
EndProject
Project("{2150E333-8FDC-42A3-9474-1A3956D46DE8}") = "Chapter05", "Chapter05", "{20BD61D4-C1E2-4362-A218-710A156199A8}"
EndProject
Project("{9A19103F-16F7-4668-BE54-9A1E7A4F7556}") = "BasicRoutes", "BasicRoutes\BasicRoutes.csproj", "{D83D5BBF-CA6D-4F02-98D8-9A57A60E2006}"
EndProject
Project("{9A19103F-16F7-4668-BE54-9A1E7A4F7556}") = "MyFirstCoreApiRoutes", "MyFirstCoreApiRoutes\MyFirstCoreApiRoutes.csproj", "{BBB57EB4-F2F6-4D1B-BDD3-C17FB0160671}"
EndProject
Project("{9A19103F-16F7-4668-BE54-9A1E7A4F7556}") = "CustomRouteConstraints", "CustomRouteConstraints\CustomRouteConstraints.csproj", "{FAE61089-A5A0-411F-9CFF-C965D7D9C023}"
EndProject
Project("{9A19103F-16F7-4668-BE54-9A1E7A4F7556}") = "LinkGeneration", "LinkGeneration\LinkGeneration.csproj", "{D34A680C-2CCA-47F7-B6D8-D522476035AE}"
EndProject
Project("{2150E333-8FDC-42A3-9474-1A3956D46DE8}") = "Chapter09-EF6", "Chapter09-EF6", "{E73FC71F-7D28-4252-B585-BC98FA1052B8}"
EndProject
Project("{FAE04EC0-301F-11D3-BF4B-00C04F79EFBC}") = "AdvWorksAPI.DataAccess", "AdvWorksAPI.DataAccess\AdvWorksAPI.DataAccess.csproj", "{A9519678-7673-4101-8D91-135FE57FC5D7}"
EndProject
Project("{9A19103F-16F7-4668-BE54-9A1E7A4F7556}") = "AdvWorks.WebAPI", "AdvWorks.WebAPI\AdvWorks.WebAPI.csproj", "{49C1BC9E-EB94-4E7E-9169-D07703062945}"
EndProject
Project("{2150E333-8FDC-42A3-9474-1A3956D46DE8}") = "Chapter09-Dapper", "Chapter09-Dapper", "{422EB02D-7639-4E4A-A0A2-6CAD0DAA9A6E}"
EndProject
Project("{9A19103F-16F7-4668-BE54-9A1E7A4F7556}") = "AdvWrksDapper", "AdvWrksDapper\AdvWrksDapper.csproj", "{2633B712-5184-414C-8C79-839811FDB231}"
EndProject
Project("{2150E333-8FDC-42A3-9474-1A3956D46DE8}") = "Chapter09-EFCore", "Chapter09-EFCore", "{6AEA7AFF-B2FF-4726-A4F1-A0BF7440BD30}"
EndProject
Project("{9A19103F-16F7-4668-BE54-9A1E7A4F7556}") = "PacktContactsCore", "PacktContactsCore\PacktContactsCore.csproj", "{333BB098-D910-4BE5-98EE-BCB29096A96A}"
EndProject
Project("{2150E333-8FDC-42A3-9474-1A3956D46DE8}") = "Chapter06", "Chapter06", "{6091D2D1-27D4-4801-951C-C1AF36987A3C}"
EndProject
Project("{9A19103F-16F7-4668-BE54-9A1E7A4F7556}") = "middleware-basics", "middleware-basics\middleware-basics.csproj", "{228037A7-5CC3-4122-9107-FD827959334C}"
EndProject
Project("{9A19103F-16F7-4668-BE54-9A1E7A4F7556}") = "builtin-middleware", "builtin-middleware\builtin-middleware.csproj", "{2245F08A-7DBC-4BDC-86A4-12FBD3753BAC}"
EndProject
Project("{9A19103F-16F7-4668-BE54-9A1E7A4F7556}") = "custom-middleware", "custom-middleware\custom-middleware.csproj", "{0950855A-60E8-43C1-9D22-174B18DE93EA}"
EndProject
Project("{9A19103F-16F7-4668-BE54-9A1E7A4F7556}") = "httpmodule-to-middleware", "httpmodule-to-middleware\httpmodule-to-middleware.csproj", "{6F02F8A2-459A-4C95-BAED-C5A8C5B78E16}"
EndProject
Project("{9A19103F-16F7-4668-BE54-9A1E7A4F7556}") = "filters-demo", "filters-demo\filters-demo.csproj", "{20262C66-7449-49BA-AC60-2F9F8B24FFA5}"
EndProject
Project("{2150E333-8FDC-42A3-9474-1A3956D46DE8}") = "Chapter12", "Chapter12", "{C1115233-80E6-40F5-87AC-1DF24284072D}"
EndProject
Project("{9A19103F-16F7-4668-BE54-9A1E7A4F7556}") = "PacktContacts", "PacktContacts\PacktContacts.csproj", "{D7A1BA59-E090-4BFF-AF58-9F21EF107F0F}"
EndProject
Project("{2150E333-8FDC-42A3-9474-1A3956D46DE8}") = "Chapter13", "Chapter13", "{BCB6DF51-C156-4C9E-BFAC-51B01DC5D092}"
EndProject
Project("{FAE04EC0-301F-11D3-BF4B-00C04F79EFBC}") = "PacktContactsJsUI", "PacktContactsJsUI\PacktContactsJsUI.csproj", "{F570E564-9B52-4470-9152-367D6881FA80}"
EndProject
Project("{2150E333-8FDC-42A3-9474-1A3956D46DE8}") = "Chapter11", "Chapter11", "{9350B4B6-840A-4EC4-BDB3-D3A6C68C7CEC}"
EndProject
Project("{9A19103F-16F7-4668-BE54-9A1E7A4F7556}") = "AsyncWalletDemo", "AsyncWalletDemo\AsyncWalletDemo.csproj", "{7AAE1B87-9E32-4889-91F3-3676E65AF019}"
EndProject
Project("{9A19103F-16F7-4668-BE54-9A1E7A4F7556}") = "compression-cache-demo", "compression-cache-demo\compression-cache-demo.csproj", "{5B30B290-FC90-4862-81EF-FAA78FC593A2}"
EndProject
Project("{9A19103F-16F7-4668-BE54-9A1E7A4F7556}") = "distributed-cache-demo", "distributed-cache-demo\distributed-cache-demo.csproj", "{C8763B1E-1F36-43CC-A06D-1140DAE413EE}"
EndProject
Project("{2150E333-8FDC-42A3-9474-1A3956D46DE8}") = "Chapter10", "Chapter10", "{0D601ED3-8C53-40E2-BCD4-090D1A0BF678}"
EndProject
Project("{9A19103F-16F7-4668-BE54-9A1E7A4F7556}") = "basics-logging", "basics-logging\basics-logging.csproj", "{B6779745-AA00-4492-9A10-F43EDDF02EC3}"
EndProject
Project("{9A19103F-16F7-4668-BE54-9A1E7A4F7556}") = "MyWallet", "MyWallet\MyWallet.csproj", "{53D327A5-04FD-4C92-B608-2F1C13BC7BE2}"
EndProject
Project("{2150E333-8FDC-42A3-9474-1A3956D46DE8}") = "Chapter08", "Chapter08", "{1A45F7F0-AED6-4917-930D-80F642EB0E88}"
EndProject
Project("{9A19103F-16F7-4668-BE54-9A1E7A4F7556}") = "PersonalBudget", "PersonalBudget\PersonalBudget.csproj", "{E3A04455-1B0F-4C0F-9832-8ACAA2FDEDE2}"
EndProject
Project("{9A19103F-16F7-4668-BE54-9A1E7A4F7556}") = "BudegetIdentityDemo", "BudegetIdentityDemo\BudegetIdentityDemo.csproj", "{0BC49C12-6673-418C-8BE0-43D0E3C4AF22}"
EndProject
Project("{E53339B2-1760-4266-BCC7-CA923CBCF16C}") = "docker-compose", "docker-compose.dcproj", "{5B1981EA-987C-48F4-9F6F-39389E3EE15F}"
EndProject
Global
	GlobalSection(SolutionConfigurationPlatforms) = preSolution
		Debug|Any CPU = Debug|Any CPU
		Release|Any CPU = Release|Any CPU
	EndGlobalSection
	GlobalSection(ProjectConfigurationPlatforms) = postSolution
		{60565680-DADA-44BC-AA2C-E50916968DC4}.Debug|Any CPU.ActiveCfg = Debug|Any CPU
		{60565680-DADA-44BC-AA2C-E50916968DC4}.Debug|Any CPU.Build.0 = Debug|Any CPU
		{60565680-DADA-44BC-AA2C-E50916968DC4}.Release|Any CPU.ActiveCfg = Release|Any CPU
		{60565680-DADA-44BC-AA2C-E50916968DC4}.Release|Any CPU.Build.0 = Release|Any CPU
		{D83D5BBF-CA6D-4F02-98D8-9A57A60E2006}.Debug|Any CPU.ActiveCfg = Debug|Any CPU
		{D83D5BBF-CA6D-4F02-98D8-9A57A60E2006}.Debug|Any CPU.Build.0 = Debug|Any CPU
		{D83D5BBF-CA6D-4F02-98D8-9A57A60E2006}.Release|Any CPU.ActiveCfg = Release|Any CPU
		{D83D5BBF-CA6D-4F02-98D8-9A57A60E2006}.Release|Any CPU.Build.0 = Release|Any CPU
		{BBB57EB4-F2F6-4D1B-BDD3-C17FB0160671}.Debug|Any CPU.ActiveCfg = Debug|Any CPU
		{BBB57EB4-F2F6-4D1B-BDD3-C17FB0160671}.Debug|Any CPU.Build.0 = Debug|Any CPU
		{BBB57EB4-F2F6-4D1B-BDD3-C17FB0160671}.Release|Any CPU.ActiveCfg = Release|Any CPU
		{BBB57EB4-F2F6-4D1B-BDD3-C17FB0160671}.Release|Any CPU.Build.0 = Release|Any CPU
		{FAE61089-A5A0-411F-9CFF-C965D7D9C023}.Debug|Any CPU.ActiveCfg = Debug|Any CPU
		{FAE61089-A5A0-411F-9CFF-C965D7D9C023}.Debug|Any CPU.Build.0 = Debug|Any CPU
		{FAE61089-A5A0-411F-9CFF-C965D7D9C023}.Release|Any CPU.ActiveCfg = Release|Any CPU
		{FAE61089-A5A0-411F-9CFF-C965D7D9C023}.Release|Any CPU.Build.0 = Release|Any CPU
		{D34A680C-2CCA-47F7-B6D8-D522476035AE}.Debug|Any CPU.ActiveCfg = Debug|Any CPU
		{D34A680C-2CCA-47F7-B6D8-D522476035AE}.Debug|Any CPU.Build.0 = Debug|Any CPU
		{D34A680C-2CCA-47F7-B6D8-D522476035AE}.Release|Any CPU.ActiveCfg = Release|Any CPU
		{D34A680C-2CCA-47F7-B6D8-D522476035AE}.Release|Any CPU.Build.0 = Release|Any CPU
		{A9519678-7673-4101-8D91-135FE57FC5D7}.Debug|Any CPU.ActiveCfg = Debug|Any CPU
		{A9519678-7673-4101-8D91-135FE57FC5D7}.Debug|Any CPU.Build.0 = Debug|Any CPU
		{A9519678-7673-4101-8D91-135FE57FC5D7}.Release|Any CPU.ActiveCfg = Release|Any CPU
		{A9519678-7673-4101-8D91-135FE57FC5D7}.Release|Any CPU.Build.0 = Release|Any CPU
		{49C1BC9E-EB94-4E7E-9169-D07703062945}.Debug|Any CPU.ActiveCfg = Debug|Any CPU
		{49C1BC9E-EB94-4E7E-9169-D07703062945}.Debug|Any CPU.Build.0 = Debug|Any CPU
		{49C1BC9E-EB94-4E7E-9169-D07703062945}.Release|Any CPU.ActiveCfg = Release|Any CPU
		{49C1BC9E-EB94-4E7E-9169-D07703062945}.Release|Any CPU.Build.0 = Release|Any CPU
		{2633B712-5184-414C-8C79-839811FDB231}.Debug|Any CPU.ActiveCfg = Debug|Any CPU
		{2633B712-5184-414C-8C79-839811FDB231}.Debug|Any CPU.Build.0 = Debug|Any CPU
		{2633B712-5184-414C-8C79-839811FDB231}.Release|Any CPU.ActiveCfg = Release|Any CPU
		{2633B712-5184-414C-8C79-839811FDB231}.Release|Any CPU.Build.0 = Release|Any CPU
		{333BB098-D910-4BE5-98EE-BCB29096A96A}.Debug|Any CPU.ActiveCfg = Debug|Any CPU
		{333BB098-D910-4BE5-98EE-BCB29096A96A}.Debug|Any CPU.Build.0 = Debug|Any CPU
		{333BB098-D910-4BE5-98EE-BCB29096A96A}.Release|Any CPU.ActiveCfg = Release|Any CPU
		{333BB098-D910-4BE5-98EE-BCB29096A96A}.Release|Any CPU.Build.0 = Release|Any CPU
		{228037A7-5CC3-4122-9107-FD827959334C}.Debug|Any CPU.ActiveCfg = Debug|Any CPU
		{228037A7-5CC3-4122-9107-FD827959334C}.Debug|Any CPU.Build.0 = Debug|Any CPU
		{228037A7-5CC3-4122-9107-FD827959334C}.Release|Any CPU.ActiveCfg = Release|Any CPU
		{228037A7-5CC3-4122-9107-FD827959334C}.Release|Any CPU.Build.0 = Release|Any CPU
		{2245F08A-7DBC-4BDC-86A4-12FBD3753BAC}.Debug|Any CPU.ActiveCfg = Debug|Any CPU
		{2245F08A-7DBC-4BDC-86A4-12FBD3753BAC}.Debug|Any CPU.Build.0 = Debug|Any CPU
		{2245F08A-7DBC-4BDC-86A4-12FBD3753BAC}.Release|Any CPU.ActiveCfg = Release|Any CPU
		{2245F08A-7DBC-4BDC-86A4-12FBD3753BAC}.Release|Any CPU.Build.0 = Release|Any CPU
		{0950855A-60E8-43C1-9D22-174B18DE93EA}.Debug|Any CPU.ActiveCfg = Debug|Any CPU
		{0950855A-60E8-43C1-9D22-174B18DE93EA}.Debug|Any CPU.Build.0 = Debug|Any CPU
		{0950855A-60E8-43C1-9D22-174B18DE93EA}.Release|Any CPU.ActiveCfg = Release|Any CPU
		{0950855A-60E8-43C1-9D22-174B18DE93EA}.Release|Any CPU.Build.0 = Release|Any CPU
		{6F02F8A2-459A-4C95-BAED-C5A8C5B78E16}.Debug|Any CPU.ActiveCfg = Debug|Any CPU
		{6F02F8A2-459A-4C95-BAED-C5A8C5B78E16}.Debug|Any CPU.Build.0 = Debug|Any CPU
		{6F02F8A2-459A-4C95-BAED-C5A8C5B78E16}.Release|Any CPU.ActiveCfg = Release|Any CPU
		{6F02F8A2-459A-4C95-BAED-C5A8C5B78E16}.Release|Any CPU.Build.0 = Release|Any CPU
		{20262C66-7449-49BA-AC60-2F9F8B24FFA5}.Debug|Any CPU.ActiveCfg = Debug|Any CPU
		{20262C66-7449-49BA-AC60-2F9F8B24FFA5}.Debug|Any CPU.Build.0 = Debug|Any CPU
		{20262C66-7449-49BA-AC60-2F9F8B24FFA5}.Release|Any CPU.ActiveCfg = Release|Any CPU
		{20262C66-7449-49BA-AC60-2F9F8B24FFA5}.Release|Any CPU.Build.0 = Release|Any CPU
		{D7A1BA59-E090-4BFF-AF58-9F21EF107F0F}.Debug|Any CPU.ActiveCfg = Debug|Any CPU
		{D7A1BA59-E090-4BFF-AF58-9F21EF107F0F}.Debug|Any CPU.Build.0 = Debug|Any CPU
		{D7A1BA59-E090-4BFF-AF58-9F21EF107F0F}.Release|Any CPU.ActiveCfg = Release|Any CPU
		{D7A1BA59-E090-4BFF-AF58-9F21EF107F0F}.Release|Any CPU.Build.0 = Release|Any CPU
		{F570E564-9B52-4470-9152-367D6881FA80}.Debug|Any CPU.ActiveCfg = Debug|Any CPU
		{F570E564-9B52-4470-9152-367D6881FA80}.Debug|Any CPU.Build.0 = Debug|Any CPU
		{F570E564-9B52-4470-9152-367D6881FA80}.Release|Any CPU.ActiveCfg = Release|Any CPU
		{F570E564-9B52-4470-9152-367D6881FA80}.Release|Any CPU.Build.0 = Release|Any CPU
		{7AAE1B87-9E32-4889-91F3-3676E65AF019}.Debug|Any CPU.ActiveCfg = Debug|Any CPU
		{7AAE1B87-9E32-4889-91F3-3676E65AF019}.Debug|Any CPU.Build.0 = Debug|Any CPU
		{7AAE1B87-9E32-4889-91F3-3676E65AF019}.Release|Any CPU.ActiveCfg = Release|Any CPU
		{7AAE1B87-9E32-4889-91F3-3676E65AF019}.Release|Any CPU.Build.0 = Release|Any CPU
		{5B30B290-FC90-4862-81EF-FAA78FC593A2}.Debug|Any CPU.ActiveCfg = Debug|Any CPU
		{5B30B290-FC90-4862-81EF-FAA78FC593A2}.Debug|Any CPU.Build.0 = Debug|Any CPU
		{5B30B290-FC90-4862-81EF-FAA78FC593A2}.Release|Any CPU.ActiveCfg = Release|Any CPU
		{5B30B290-FC90-4862-81EF-FAA78FC593A2}.Release|Any CPU.Build.0 = Release|Any CPU
		{C8763B1E-1F36-43CC-A06D-1140DAE413EE}.Debug|Any CPU.ActiveCfg = Debug|Any CPU
		{C8763B1E-1F36-43CC-A06D-1140DAE413EE}.Debug|Any CPU.Build.0 = Debug|Any CPU
		{C8763B1E-1F36-43CC-A06D-1140DAE413EE}.Release|Any CPU.ActiveCfg = Release|Any CPU
		{C8763B1E-1F36-43CC-A06D-1140DAE413EE}.Release|Any CPU.Build.0 = Release|Any CPU
		{B6779745-AA00-4492-9A10-F43EDDF02EC3}.Debug|Any CPU.ActiveCfg = Debug|Any CPU
		{B6779745-AA00-4492-9A10-F43EDDF02EC3}.Debug|Any CPU.Build.0 = Debug|Any CPU
		{B6779745-AA00-4492-9A10-F43EDDF02EC3}.Release|Any CPU.ActiveCfg = Release|Any CPU
		{B6779745-AA00-4492-9A10-F43EDDF02EC3}.Release|Any CPU.Build.0 = Release|Any CPU
		{53D327A5-04FD-4C92-B608-2F1C13BC7BE2}.Debug|Any CPU.ActiveCfg = Debug|Any CPU
		{53D327A5-04FD-4C92-B608-2F1C13BC7BE2}.Debug|Any CPU.Build.0 = Debug|Any CPU
		{53D327A5-04FD-4C92-B608-2F1C13BC7BE2}.Release|Any CPU.ActiveCfg = Release|Any CPU
		{53D327A5-04FD-4C92-B608-2F1C13BC7BE2}.Release|Any CPU.Build.0 = Release|Any CPU
		{E3A04455-1B0F-4C0F-9832-8ACAA2FDEDE2}.Debug|Any CPU.ActiveCfg = Debug|Any CPU
		{E3A04455-1B0F-4C0F-9832-8ACAA2FDEDE2}.Debug|Any CPU.Build.0 = Debug|Any CPU
		{E3A04455-1B0F-4C0F-9832-8ACAA2FDEDE2}.Release|Any CPU.ActiveCfg = Release|Any CPU
		{E3A04455-1B0F-4C0F-9832-8ACAA2FDEDE2}.Release|Any CPU.Build.0 = Release|Any CPU
		{0BC49C12-6673-418C-8BE0-43D0E3C4AF22}.Debug|Any CPU.ActiveCfg = Debug|Any CPU
		{0BC49C12-6673-418C-8BE0-43D0E3C4AF22}.Debug|Any CPU.Build.0 = Debug|Any CPU
		{0BC49C12-6673-418C-8BE0-43D0E3C4AF22}.Release|Any CPU.ActiveCfg = Release|Any CPU
		{0BC49C12-6673-418C-8BE0-43D0E3C4AF22}.Release|Any CPU.Build.0 = Release|Any CPU
		{5B1981EA-987C-48F4-9F6F-39389E3EE15F}.Debug|Any CPU.ActiveCfg = Debug|Any CPU
		{5B1981EA-987C-48F4-9F6F-39389E3EE15F}.Debug|Any CPU.Build.0 = Debug|Any CPU
		{5B1981EA-987C-48F4-9F6F-39389E3EE15F}.Release|Any CPU.ActiveCfg = Release|Any CPU
		{5B1981EA-987C-48F4-9F6F-39389E3EE15F}.Release|Any CPU.Build.0 = Release|Any CPU
	EndGlobalSection
	GlobalSection(SolutionProperties) = preSolution
		HideSolutionNode = FALSE
	EndGlobalSection
	GlobalSection(NestedProjects) = preSolution
		{60565680-DADA-44BC-AA2C-E50916968DC4} = {0AD13327-CCFA-4FE4-AE97-8B328553A4DE}
		{D83D5BBF-CA6D-4F02-98D8-9A57A60E2006} = {20BD61D4-C1E2-4362-A218-710A156199A8}
		{BBB57EB4-F2F6-4D1B-BDD3-C17FB0160671} = {20BD61D4-C1E2-4362-A218-710A156199A8}
		{FAE61089-A5A0-411F-9CFF-C965D7D9C023} = {20BD61D4-C1E2-4362-A218-710A156199A8}
		{D34A680C-2CCA-47F7-B6D8-D522476035AE} = {20BD61D4-C1E2-4362-A218-710A156199A8}
		{A9519678-7673-4101-8D91-135FE57FC5D7} = {E73FC71F-7D28-4252-B585-BC98FA1052B8}
		{49C1BC9E-EB94-4E7E-9169-D07703062945} = {E73FC71F-7D28-4252-B585-BC98FA1052B8}
		{2633B712-5184-414C-8C79-839811FDB231} = {422EB02D-7639-4E4A-A0A2-6CAD0DAA9A6E}
		{333BB098-D910-4BE5-98EE-BCB29096A96A} = {6AEA7AFF-B2FF-4726-A4F1-A0BF7440BD30}
		{228037A7-5CC3-4122-9107-FD827959334C} = {6091D2D1-27D4-4801-951C-C1AF36987A3C}
		{2245F08A-7DBC-4BDC-86A4-12FBD3753BAC} = {6091D2D1-27D4-4801-951C-C1AF36987A3C}
		{0950855A-60E8-43C1-9D22-174B18DE93EA} = {6091D2D1-27D4-4801-951C-C1AF36987A3C}
		{6F02F8A2-459A-4C95-BAED-C5A8C5B78E16} = {6091D2D1-27D4-4801-951C-C1AF36987A3C}
		{20262C66-7449-49BA-AC60-2F9F8B24FFA5} = {6091D2D1-27D4-4801-951C-C1AF36987A3C}
		{D7A1BA59-E090-4BFF-AF58-9F21EF107F0F} = {C1115233-80E6-40F5-87AC-1DF24284072D}
		{F570E564-9B52-4470-9152-367D6881FA80} = {BCB6DF51-C156-4C9E-BFAC-51B01DC5D092}
		{7AAE1B87-9E32-4889-91F3-3676E65AF019} = {9350B4B6-840A-4EC4-BDB3-D3A6C68C7CEC}
		{5B30B290-FC90-4862-81EF-FAA78FC593A2} = {9350B4B6-840A-4EC4-BDB3-D3A6C68C7CEC}
		{C8763B1E-1F36-43CC-A06D-1140DAE413EE} = {9350B4B6-840A-4EC4-BDB3-D3A6C68C7CEC}
		{B6779745-AA00-4492-9A10-F43EDDF02EC3} = {0D601ED3-8C53-40E2-BCD4-090D1A0BF678}
		{53D327A5-04FD-4C92-B608-2F1C13BC7BE2} = {0D601ED3-8C53-40E2-BCD4-090D1A0BF678}
		{E3A04455-1B0F-4C0F-9832-8ACAA2FDEDE2} = {1A45F7F0-AED6-4917-930D-80F642EB0E88}
		{0BC49C12-6673-418C-8BE0-43D0E3C4AF22} = {1A45F7F0-AED6-4917-930D-80F642EB0E88}
	EndGlobalSection
	GlobalSection(ExtensibilityGlobals) = postSolution
		SolutionGuid = {E46FAF55-8B3B-4088-B821-1E9E3EA60369}
	EndGlobalSection
EndGlobal
